
Microsoft Visual Studio Solution File, Format Version 12.00
# Visual Studio Version 17
VisualStudioVersion = 17.6.33717.318
MinimumVisualStudioVersion = 10.0.40219.1
Project("{FAE04EC0-301F-11D3-BF4B-00C04F79EFBC}") = "MartenApp", "MartenApp.csproj", "{02C4DD9E-A9C0-4ADB-911B-20947D2111C4}"
EndProject
Global
	GlobalSection(SolutionConfigurationPlatforms) = preSolution
		Debug|Any CPU = Debug|Any CPU
		Release|Any CPU = Release|Any CPU
	EndGlobalSection
	GlobalSection(ProjectConfigurationPlatforms) = postSolution
		{02C4DD9E-A9C0-4ADB-911B-20947D2111C4}.Debug|Any CPU.ActiveCfg = Debug|Any CPU
		{02C4DD9E-A9C0-4ADB-911B-20947D2111C4}.Debug|Any CPU.Build.0 = Debug|Any CPU
		{02C4DD9E-A9C0-4ADB-911B-20947D2111C4}.Release|Any CPU.ActiveCfg = Release|Any CPU
		{02C4DD9E-A9C0-4ADB-911B-20947D2111C4}.Release|Any CPU.Build.0 = Release|Any CPU
	EndGlobalSection
	GlobalSection(SolutionProperties) = preSolution
		HideSolutionNode = FALSE
	EndGlobalSection
	GlobalSection(ExtensibilityGlobals) = postSolution
		SolutionGuid = {EB79BBA1-F098-4381-88DC-1F05CAA30718}
	EndGlobalSection
EndGlobal
